
Microsoft Visual Studio Solution File, Format Version 12.00
# Visual Studio Version 16
VisualStudioVersion = 16.0.30225.117
MinimumVisualStudioVersion = 10.0.40219.1
Project("{FAE04EC0-301F-11D3-BF4B-00C04F79EFBC}") = "Imgur-Parser", "Imgur-Parser\Imgur-Parser.csproj", "{673E49E5-3D3F-4054-873A-6C298F8754BE}"
EndProject
Global
	GlobalSection(SolutionConfigurationPlatforms) = preSolution
		Debug|Any CPU = Debug|Any CPU
		Release|Any CPU = Release|Any CPU
	EndGlobalSection
	GlobalSection(ProjectConfigurationPlatforms) = postSolution
		{673E49E5-3D3F-4054-873A-6C298F8754BE}.Debug|Any CPU.ActiveCfg = Debug|Any CPU
		{673E49E5-3D3F-4054-873A-6C298F8754BE}.Debug|Any CPU.Build.0 = Debug|Any CPU
		{673E49E5-3D3F-4054-873A-6C298F8754BE}.Release|Any CPU.ActiveCfg = Release|Any CPU
		{673E49E5-3D3F-4054-873A-6C298F8754BE}.Release|Any CPU.Build.0 = Release|Any CPU
	EndGlobalSection
	GlobalSection(SolutionProperties) = preSolution
		HideSolutionNode = FALSE
	EndGlobalSection
	GlobalSection(ExtensibilityGlobals) = postSolution
		SolutionGuid = {52C99F91-8940-423A-ACB9-70C7537D034D}
	EndGlobalSection
EndGlobal
